
Microsoft Visual Studio Solution File, Format Version 12.00
# Visual Studio Version 16
VisualStudioVersion = 16.0.31410.357
MinimumVisualStudioVersion = 10.0.40219.1
Project("{9A19103F-16F7-4668-BE54-9A1E7A4F7556}") = "Sapi_WareHouse", "Sapi_WareHouse\Sapi_WareHouse.csproj", "{D2D658D4-330E-4B40-8CDC-7F99192EBB1A}"
EndProject
Project("{54435603-DBB4-11D2-8724-00A0C9A8B90C}") = "SapiWareHouse_Installer", "SapiWareHouse_Installer\SapiWareHouse_Installer.vdproj", "{009DBD84-40A7-4289-BD80-8DEA3BBF2F60}"
EndProject
Global
	GlobalSection(SolutionConfigurationPlatforms) = preSolution
		Debug|Any CPU = Debug|Any CPU
		Release|Any CPU = Release|Any CPU
	EndGlobalSection
	GlobalSection(ProjectConfigurationPlatforms) = postSolution
		{D2D658D4-330E-4B40-8CDC-7F99192EBB1A}.Debug|Any CPU.ActiveCfg = Release|Any CPU
		{D2D658D4-330E-4B40-8CDC-7F99192EBB1A}.Debug|Any CPU.Build.0 = Release|Any CPU
		{D2D658D4-330E-4B40-8CDC-7F99192EBB1A}.Release|Any CPU.ActiveCfg = Release|Any CPU
		{D2D658D4-330E-4B40-8CDC-7F99192EBB1A}.Release|Any CPU.Build.0 = Release|Any CPU
		{009DBD84-40A7-4289-BD80-8DEA3BBF2F60}.Debug|Any CPU.ActiveCfg = Debug
		{009DBD84-40A7-4289-BD80-8DEA3BBF2F60}.Release|Any CPU.ActiveCfg = Release
	EndGlobalSection
	GlobalSection(SolutionProperties) = preSolution
		HideSolutionNode = FALSE
	EndGlobalSection
	GlobalSection(ExtensibilityGlobals) = postSolution
		SolutionGuid = {095BF1F2-0968-4337-8D8C-769D45C6D020}
	EndGlobalSection
EndGlobal
